
Microsoft Visual Studio Solution File, Format Version 12.00
# Visual Studio Version 16
VisualStudioVersion = 16.0.31025.194
MinimumVisualStudioVersion = 10.0.40219.1
Project("{FAE04EC0-301F-11D3-BF4B-00C04F79EFBC}") = "AlaMaKota", "AlaMaKota.csproj", "{812E2806-A58E-4972-BC98-34DD5912C9FA}"
EndProject
Global
	GlobalSection(SolutionConfigurationPlatforms) = preSolution
		Debug|Any CPU = Debug|Any CPU
		Release|Any CPU = Release|Any CPU
	EndGlobalSection
	GlobalSection(ProjectConfigurationPlatforms) = postSolution
		{812E2806-A58E-4972-BC98-34DD5912C9FA}.Debug|Any CPU.ActiveCfg = Debug|Any CPU
		{812E2806-A58E-4972-BC98-34DD5912C9FA}.Debug|Any CPU.Build.0 = Debug|Any CPU
		{812E2806-A58E-4972-BC98-34DD5912C9FA}.Release|Any CPU.ActiveCfg = Release|Any CPU
		{812E2806-A58E-4972-BC98-34DD5912C9FA}.Release|Any CPU.Build.0 = Release|Any CPU
	EndGlobalSection
	GlobalSection(SolutionProperties) = preSolution
		HideSolutionNode = FALSE
	EndGlobalSection
	GlobalSection(ExtensibilityGlobals) = postSolution
		SolutionGuid = {6BF69528-065C-4E8E-9A0A-098F7A4E7CDB}
	EndGlobalSection
EndGlobal
